// !$*UTF8*$!
{
	archiveVersion = 1;
	classes = {
	};
	objectVersion = 50;
	objects = {

/* Begin PBXBuildFile section */
		ED69449525FA6B1000BF9A1B /* AppDelegate.swift in Sources */ = {isa = PBXBuildFile; fileRef = ED69449425FA6B1000BF9A1B /* AppDelegate.swift */; };
		ED69449725FA6B1000BF9A1B /* SceneDelegate.swift in Sources */ = {isa = PBXBuildFile; fileRef = ED69449625FA6B1000BF9A1B /* SceneDelegate.swift */; };
		ED69449925FA6B1000BF9A1B /* ViewController.swift in Sources */ = {isa = PBXBuildFile; fileRef = ED69449825FA6B1000BF9A1B /* ViewController.swift */; };
		ED69449C25FA6B1000BF9A1B /* Main.storyboard in Resources */ = {isa = PBXBuildFile; fileRef = ED69449A25FA6B1000BF9A1B /* Main.storyboard */; };
		ED69449E25FA6B1200BF9A1B /* Assets.xcassets in Resources */ = {isa = PBXBuildFile; fileRef = ED69449D25FA6B1200BF9A1B /* Assets.xcassets */; };
		ED6944A125FA6B1200BF9A1B /* LaunchScreen.storyboard in Resources */ = {isa = PBXBuildFile; fileRef = ED69449F25FA6B1200BF9A1B /* LaunchScreen.storyboard */; };
		ED6944AA25FA6C0D00BF9A1B /* View2ViewController.swift in Sources */ = {isa = PBXBuildFile; fileRef = ED6944A925FA6C0D00BF9A1B /* View2ViewController.swift */; };
/* End PBXBuildFile section */

/* Begin PBXFileReference section */
		ED69449125FA6B1000BF9A1B /* SecondKadaiApp2.app */ = {isa = PBXFileReference; explicitFileType = wrapper.application; includeInIndex = 0; path = SecondKadaiApp2.app; sourceTree = BUILT_PRODUCTS_DIR; };
		ED69449425FA6B1000BF9A1B /* AppDelegate.swift */ = {isa = PBXFileReference; lastKnownFileType = sourcecode.swift; path = AppDelegate.swift; sourceTree = "<group>"; };
		ED69449625FA6B1000BF9A1B /* SceneDelegate.swift */ = {isa = PBXFileReference; lastKnownFileType = sourcecode.swift; path = SceneDelegate.swift; sourceTree = "<group>"; };
		ED69449825FA6B1000BF9A1B /* ViewController.swift */ = {isa = PBXFileReference; lastKnownFileType = sourcecode.swift; path = ViewController.swift; sourceTree = "<group>"; };
		ED69449B25FA6B1000BF9A1B /* Base */ = {isa = PBXFileReference; lastKnownFileType = file.storyboard; name = Base; path = Base.lproj/Main.storyboard; sourceTree = "<group>"; };
		ED69449D25FA6B1200BF9A1B /* Assets.xcassets */ = {isa = PBXFileReference; lastKnownFileType = folder.assetcatalog; path = Assets.xcassets; sourceTree = "<group>"; };
		ED6944A025FA6B1200BF9A1B /* Base */ = {isa = PBXFileReference; lastKnownFileType = file.storyboard; name = Base; path = Base.lproj/LaunchScreen.storyboard; sourceTree = "<group>"; };
		ED6944A225FA6B1200BF9A1B /* Info.plist */ = {isa = PBXFileReference; lastKnownFileType = text.plist.xml; path = Info.plist; sourceTree = "<group>"; };
		ED6944A925FA6C0D00BF9A1B /* View2ViewController.swift */ = {isa = PBXFileReference; lastKnownFileType = sourcecode.swift; path = View2ViewController.swift; sourceTree = "<group>"; };
/* End PBXFileReference section */

/* Begin PBXFrameworksBuildPhase section */
		ED69448E25FA6B1000BF9A1B /* Frameworks */ = {
			isa = PBXFrameworksBuildPhase;
			buildActionMask = 2147483647;
			files = (
			);
			runOnlyForDeploymentPostprocessing = 0;
		};
/* End PBXFrameworksBuildPhase section */

/* Begin PBXGroup section */
		ED69448825FA6B1000BF9A1B = {
			isa = PBXGroup;
			children = (
				ED69449325FA6B1000BF9A1B /* SecondKadaiApp2 */,
				ED69449225FA6B1000BF9A1B /* Products */,
			);
			sourceTree = "<group>";
		};
		ED69449225FA6B1000BF9A1B /* Products */ = {
			isa = PBXGroup;
			children = (
				ED69449125FA6B1000BF9A1B /* SecondKadaiApp2.app */,
			);
			name = Products;
			sourceTree = "<group>";
		};
		ED69449325FA6B1000BF9A1B /* SecondKadaiApp2 */ = {
			isa = PBXGroup;
			children = (
				ED69449425FA6B1000BF9A1B /* AppDelegate.swift */,
				ED69449625FA6B1000BF9A1B /* SceneDelegate.swift */,
				ED69449825FA6B1000BF9A1B /* ViewController.swift */,
				ED6944A925FA6C0D00BF9A1B /* View2ViewController.swift */,
				ED69449A25FA6B1000BF9A1B /* Main.storyboard */,
				ED69449D25FA6B1200BF9A1B /* Assets.xcassets */,
				ED69449F25FA6B1200BF9A1B /* LaunchScreen.storyboard */,
				ED6944A225FA6B1200BF9A1B /* Info.plist */,
			);
			path = SecondKadaiApp2;
			sourceTree = "<group>";
		};
/* End PBXGroup section */

/* Begin PBXNativeTarget section */
		ED69449025FA6B1000BF9A1B /* SecondKadaiApp2 */ = {
			isa = PBXNativeTarget;
			buildConfigurationList = ED6944A525FA6B1200BF9A1B /* Build configuration list for PBXNativeTarget "SecondKadaiApp2" */;
			buildPhases = (
				ED69448D25FA6B1000BF9A1B /* Sources */,
				ED69448E25FA6B1000BF9A1B /* Frameworks */,
				ED69448F25FA6B1000BF9A1B /* Resources */,
			);
			buildRules = (
			);
			dependencies = (
			);
			name = SecondKadaiApp2;
			productName = SecondKadaiApp2;
			productReference = ED69449125FA6B1000BF9A1B /* SecondKadaiApp2.app */;
			productType = "com.apple.product-type.application";
		};
/* End PBXNativeTarget section */

/* Begin PBXProject section */
		ED69448925FA6B1000BF9A1B /* Project object */ = {
			isa = PBXProject;
			attributes = {
				LastSwiftUpdateCheck = 1240;
				LastUpgradeCheck = 1240;
				TargetAttributes = {
					ED69449025FA6B1000BF9A1B = {
						CreatedOnToolsVersion = 12.4;
					};
				};
			};
			buildConfigurationList = ED69448C25FA6B1000BF9A1B /* Build configuration list for PBXProject "SecondKadaiApp2" */;
			compatibilityVersion = "Xcode 9.3";
			developmentRegion = en;
			hasScannedForEncodings = 0;
			knownRegions = (
				en,
				Base,
			);
			mainGroup = ED69448825FA6B1000BF9A1B;
			productRefGroup = ED69449225FA6B1000BF9A1B /* Products */;
			projectDirPath = "";
			projectRoot = "";
			targets = (
				ED69449025FA6B1000BF9A1B /* SecondKadaiApp2 */,
			);
		};
/* End PBXProject section */

/* Begin PBXResourcesBuildPhase section */
		ED69448F25FA6B1000BF9A1B /* Resources */ = {
			isa = PBXResourcesBuildPhase;
			buildActionMask = 2147483647;
			files = (
				ED6944A125FA6B1200BF9A1B /* LaunchScreen.storyboard in Resources */,
				ED69449E25FA6B1200BF9A1B /* Assets.xcassets in Resources */,
				ED69449C25FA6B1000BF9A1B /* Main.storyboard in Resources */,
			);
			runOnlyForDeploymentPostprocessing = 0;
		};
/* End PBXResourcesBuildPhase section */

/* Begin PBXSourcesBuildPhase section */
		ED69448D25FA6B1000BF9A1B /* Sources */ = {
			isa = PBXSourcesBuildPhase;
			buildActionMask = 2147483647;
			files = (
				ED6944AA25FA6C0D00BF9A1B /* View2ViewController.swift in Sources */,
				ED69449925FA6B1000BF9A1B /* ViewController.swift in Sources */,
				ED69449525FA6B1000BF9A1B /* AppDelegate.swift in Sources */,
				ED69449725FA6B1000BF9A1B /* SceneDelegate.swift in Sources */,
			);
			runOnlyForDeploymentPostprocessing = 0;
		};
/* End PBXSourcesBuildPhase section */

/* Begin PBXVariantGroup section */
		ED69449A25FA6B1000BF9A1B /* Main.storyboard */ = {
			isa = PBXVariantGroup;
			children = (
				ED69449B25FA6B1000BF9A1B /* Base */,
			);
			name = Main.storyboard;
			sourceTree = "<group>";
		};
		ED69449F25FA6B1200BF9A1B /* LaunchScreen.storyboard */ = {
			isa = PBXVariantGroup;
			children = (
				ED6944A025FA6B1200BF9A1B /* Base */,
			);
			name = LaunchScreen.storyboard;
			sourceTree = "<group>";
		};
/* End PBXVariantGroup section */

/* Begin XCBuildConfiguration section */
		ED6944A325FA6B1200BF9A1B /* Debug */ = {
			isa = XCBuildConfiguration;
			buildSettings = {
				ALWAYS_SEARCH_USER_PATHS = NO;
				CLANG_ANALYZER_NONNULL = YES;
				CLANG_ANALYZER_NUMBER_OBJECT_CONVERSION = YES_AGGRESSIVE;
				CLANG_CXX_LANGUAGE_STANDARD = "gnu++14";
				CLANG_CXX_LIBRARY = "libc++";
				CLANG_ENABLE_MODULES = YES;
				CLANG_ENABLE_OBJC_ARC = YES;
				CLANG_ENABLE_OBJC_WEAK = YES;
				CLANG_WARN_BLOCK_CAPTURE_AUTORELEASING = YES;
				CLANG_WARN_BOOL_CONVERSION = YES;
				CLANG_WARN_COMMA = YES;
				CLANG_WARN_CONSTANT_CONVERSION = YES;
				CLANG_WARN_DEPRECATED_OBJC_IMPLEMENTATIONS = YES;
				CLANG_WARN_DIRECT_OBJC_ISA_USAGE = YES_ERROR;
				CLANG_WARN_DOCUMENTATION_COMMENTS = YES;
				CLANG_WARN_EMPTY_BODY = YES;
				CLANG_WARN_ENUM_CONVERSION = YES;
				CLANG_WARN_INFINITE_RECURSION = YES;
				CLANG_WARN_INT_CONVERSION = YES;
				CLANG_WARN_NON_LITERAL_NULL_CONVERSION = YES;
				CLANG_WARN_OBJC_IMPLICIT_RETAIN_SELF = YES;
				CLANG_WARN_OBJC_LITERAL_CONVERSION = YES;
				CLANG_WARN_OBJC_ROOT_CLASS = YES_ERROR;
				CLANG_WARN_QUOTED_INCLUDE_IN_FRAMEWORK_HEADER = YES;
				CLANG_WARN_RANGE_LOOP_ANALYSIS = YES;
				CLANG_WARN_STRICT_PROTOTYPES = YES;
				CLANG_WARN_SUSPICIOUS_MOVE = YES;
				CLANG_WARN_UNGUARDED_AVAILABILITY = YES_AGGRESSIVE;
				CLANG_WARN_UNREACHABLE_CODE = YES;
				CLANG_WARN__DUPLICATE_METHOD_MATCH = YES;
				COPY_PHASE_STRIP = NO;
				DEBUG_INFORMATION_FORMAT = dwarf;
				ENABLE_STRICT_OBJC_MSGSEND = YES;
				ENABLE_TESTABILITY = YES;
				GCC_C_LANGUAGE_STANDARD = gnu11;
				GCC_DYNAMIC_NO_PIC = NO;
				GCC_NO_COMMON_BLOCKS = YES;
				GCC_OPTIMIZATION_LEVEL = 0;
				GCC_PREPROCESSOR_DEFINITIONS = (
					"DEBUG=1",
					"$(inherited)",
				);
				GCC_WARN_64_TO_32_BIT_CONVERSION = YES;
				GCC_WARN_ABOUT_RETURN_TYPE = YES_ERROR;
				GCC_WARN_UNDECLARED_SELECTOR = YES;
				GCC_WARN_UNINITIALIZED_AUTOS = YES_AGGRESSIVE;
				GCC_WARN_UNUSED_FUNCTION = YES;
				GCC_WARN_UNUSED_VARIABLE = YES;
				IPHONEOS_DEPLOYMENT_TARGET = 14.4;
				MTL_ENABLE_DEBUG_INFO = INCLUDE_SOURCE;
				MTL_FAST_MATH = YES;
				ONLY_ACTIVE_ARCH = YES;
				SDKROOT = iphoneos;
				SWIFT_ACTIVE_COMPILATION_CONDITIONS = DEBUG;
				SWIFT_OPTIMIZATION_LEVEL = "-Onone";
			};
			name = Debug;
		};
		ED6944A425FA6B1200BF9A1B /* Release */ = {
			isa = XCBuildConfiguration;
			buildSettings = {
				ALWAYS_SEARCH_USER_PATHS = NO;
				CLANG_ANALYZER_NONNULL = YES;
				CLANG_ANALYZER_NUMBER_OBJECT_CONVERSION = YES_AGGRESSIVE;
				CLANG_CXX_LANGUAGE_STANDARD = "gnu++14";
				CLANG_CXX_LIBRARY = "libc++";
				CLANG_ENABLE_MODULES = YES;
				CLANG_ENABLE_OBJC_ARC = YES;
				CLANG_ENABLE_OBJC_WEAK = YES;
				CLANG_WARN_BLOCK_CAPTURE_AUTORELEASING = YES;
				CLANG_WARN_BOOL_CONVERSION = YES;
				CLANG_WARN_COMMA = YES;
				CLANG_WARN_CONSTANT_CONVERSION = YES;
				CLANG_WARN_DEPRECATED_OBJC_IMPLEMENTATIONS = YES;
				CLANG_WARN_DIRECT_OBJC_ISA_USAGE = YES_ERROR;
				CLANG_WARN_DOCUMENTATION_COMMENTS = YES;
				CLANG_WARN_EMPTY_BODY = YES;
				CLANG_WARN_ENUM_CONVERSION = YES;
				CLANG_WARN_INFINITE_RECURSION = YES;
				CLANG_WARN_INT_CONVERSION = YES;
				CLANG_WARN_NON_LITERAL_NULL_CONVERSION = YES;
				CLANG_WARN_OBJC_IMPLICIT_RETAIN_SELF = YES;
				CLANG_WARN_OBJC_LITERAL_CONVERSION = YES;
				CLANG_WARN_OBJC_ROOT_CLASS = YES_ERROR;
				CLANG_WARN_QUOTED_INCLUDE_IN_FRAMEWORK_HEADER = YES;
				CLANG_WARN_RANGE_LOOP_ANALYSIS = YES;
				CLANG_WARN_STRICT_PROTOTYPES = YES;
				CLANG_WARN_SUSPICIOUS_MOVE = YES;
				CLANG_WARN_UNGUARDED_AVAILABILITY = YES_AGGRESSIVE;
				CLANG_WARN_UNREACHABLE_CODE = YES;
				CLANG_WARN__DUPLICATE_METHOD_MATCH = YES;
				COPY_PHASE_STRIP = NO;
				DEBUG_INFORMATION_FORMAT = "dwarf-with-dsym";
				ENABLE_NS_ASSERTIONS = NO;
				ENABLE_STRICT_OBJC_MSGSEND = YES;
				GCC_C_LANGUAGE_STANDARD = gnu11;
				GCC_NO_COMMON_BLOCKS = YES;
				GCC_WARN_64_TO_32_BIT_CONVERSION = YES;
				GCC_WARN_ABOUT_RETURN_TYPE = YES_ERROR;
				GCC_WARN_UNDECLARED_SELECTOR = YES;
				GCC_WARN_UNINITIALIZED_AUTOS = YES_AGGRESSIVE;
				GCC_WARN_UNUSED_FUNCTION = YES;
				GCC_WARN_UNUSED_VARIABLE = YES;
				IPHONEOS_DEPLOYMENT_TARGET = 14.4;
				MTL_ENABLE_DEBUG_INFO = NO;
				MTL_FAST_MATH = YES;
				SDKROOT = iphoneos;
				SWIFT_COMPILATION_MODE = wholemodule;
				SWIFT_OPTIMIZATION_LEVEL = "-O";
				VALIDATE_PRODUCT = YES;
			};
			name = Release;
		};
		ED6944A625FA6B1200BF9A1B /* Debug */ = {
			isa = XCBuildConfiguration;
			buildSettings = {
				ASSETCATALOG_COMPILER_APPICON_NAME = AppIcon;
				ASSETCATALOG_COMPILER_GLOBAL_ACCENT_COLOR_NAME = AccentColor;
				CODE_SIGN_STYLE = Automatic;
				INFOPLIST_FILE = SecondKadaiApp2/Info.plist;
				LD_RUNPATH_SEARCH_PATHS = (
					"$(inherited)",
					"@executable_path/Frameworks",
				);
				PRODUCT_BUNDLE_IDENTIFIER = jp.techacademy.ayase.kadokawa.SecondKadaiApp2;
				PRODUCT_NAME = "$(TARGET_NAME)";
				SWIFT_VERSION = 5.0;
				TARGETED_DEVICE_FAMILY = "1,2";
			};
			name = Debug;
		};
		ED6944A725FA6B1200BF9A1B /* Release */ = {
			isa = XCBuildConfiguration;
			buildSettings = {
				ASSETCATALOG_COMPILER_APPICON_NAME = AppIcon;
				ASSETCATALOG_COMPILER_GLOBAL_ACCENT_COLOR_NAME = AccentColor;
				CODE_SIGN_STYLE = Automatic;
				INFOPLIST_FILE = SecondKadaiApp2/Info.plist;
				LD_RUNPATH_SEARCH_PATHS = (
					"$(inherited)",
					"@executable_path/Frameworks",
				);
				PRODUCT_BUNDLE_IDENTIFIER = jp.techacademy.ayase.kadokawa.SecondKadaiApp2;
				PRODUCT_NAME = "$(TARGET_NAME)";
				SWIFT_VERSION = 5.0;
				TARGETED_DEVICE_FAMILY = "1,2";
			};
			name = Release;
		};
/* End XCBuildConfiguration section */

/* Begin XCConfigurationList section */
		ED69448C25FA6B1000BF9A1B /* Build configuration list for PBXProject "SecondKadaiApp2" */ = {
			isa = XCConfigurationList;
			buildConfigurations = (
				ED6944A325FA6B1200BF9A1B /* Debug */,
				ED6944A425FA6B1200BF9A1B /* Release */,
			);
			defaultConfigurationIsVisible = 0;
			defaultConfigurationName = Release;
		};
		ED6944A525FA6B1200BF9A1B /* Build configuration list for PBXNativeTarget "SecondKadaiApp2" */ = {
			isa = XCConfigurationList;
			buildConfigurations = (
				ED6944A625FA6B1200BF9A1B /* Debug */,
				ED6944A725FA6B1200BF9A1B /* Release */,
			);
			defaultConfigurationIsVisible = 0;
			defaultConfigurationName = Release;
		};
/* End XCConfigurationList section */
	};
	rootObject = ED69448925FA6B1000BF9A1B /* Project object */;
}
